<?xml version="1.0" encoding="utf-8"?>
<Project ToolsVersion="4.0" xmlns="http://schemas.microsoft.com/developer/msbuild/2003">
  <ItemGroup>
    <Filter Include="Source Files">
      <UniqueIdentifier>{4FC737F1-C7A5-4376-A066-2A32D752A2FF}</UniqueIdentifier>
      <Extensions>cpp;c;cc;cxx;c++;cppm;ixx;def;odl;idl;hpj;bat;asm;asmx</Extensions>
    </Filter>
    <Filter Include="Header Files">
      <UniqueIdentifier>{93995380-89BD-4b04-88EB-625FBE52EBFB}</UniqueIdentifier>
      <Extensions>h;hh;hpp;hxx;h++;hm;inl;inc;ipp;xsd</Extensions>
    </Filter>
    <Filter Include="Resource Files">
      <UniqueIdentifier>{67DA6AB6-F800-4c08-8B7A-83BB121AAD01}</UniqueIdentifier>
      <Extensions>rc;ico;cur;bmp;dlg;rc2;rct;bin;rgs;gif;jpg;jpeg;jpe;resx;tiff;tif;png;wav;mfcribbon-ms</Extensions>
    </Filter>
    <Filter Include="Data">
      <UniqueIdentifier>{41b7d961-0a8d-482b-81fa-d2961787c955}</UniqueIdentifier>
    </Filter>
    <Filter Include="Scripts">
      <UniqueIdentifier>{0f9b9e42-6e19-4026-a400-aa0b5692fe4c}</UniqueIdentifier>
    </Filter>
  </ItemGroup>
  <ItemGroup>
    <ClCompile Include="KGuide_AuNV_QuanLiNhanSu_POP.cpp">
      <Filter>Source Files</Filter>
    </ClCompile>
  </ItemGroup>
  <ItemGroup>
    <ClInclude Include="QuanLiNhanVien.h">
      <Filter>Header Files</Filter>
    </ClInclude>
  </ItemGroup>
  <ItemGroup>
    <None Include="Scripts\jquery-2.1.1.min.map">
      <Filter>Scripts</Filter>
    </None>
    <None Include="Scripts\jquery-2.1.1.min.js">
      <Filter>Scripts</Filter>
    </None>
    <None Include="Scripts\jquery-2.1.1.js">
      <Filter>Scripts</Filter>
    </None>
    <None Include="packages\jQuery.2.1.1\tools\jquery-2.1.1.intellisense.js">
      <Filter>Scripts</Filter>
    </None>
    <None Include="Scripts\nugetexample.js">
      <Filter>Scripts</Filter>
    </None>
  </ItemGroup>
</Project>